
Microsoft Visual Studio Solution File, Format Version 12.00
# Visual Studio Version 17
VisualStudioVersion = 17.3.32929.385
MinimumVisualStudioVersion = 10.0.40219.1
Project("{FAE04EC0-301F-11D3-BF4B-00C04F79EFBC}") = "Ex04.Menus.Interfaces", "Ex04.Menus.Interfaces\Ex04.Menus.Interfaces.csproj", "{D2A5FA22-7A9B-4236-8516-32985B010FE3}"
EndProject
Project("{FAE04EC0-301F-11D3-BF4B-00C04F79EFBC}") = "Ex04.Menus.Events", "Ex04.Menus.Events\Ex04.Menus.Events.csproj", "{59AE4A63-2147-4346-B0B4-0A2845B2AD30}"
EndProject
Project("{FAE04EC0-301F-11D3-BF4B-00C04F79EFBC}") = "Ex04.Menus.Test", "Ex04.Menus.Test\Ex04.Menus.Test.csproj", "{86B3FD04-7238-495A-84DA-8D7F2DC18137}"
EndProject
Global
	GlobalSection(SolutionConfigurationPlatforms) = preSolution
		Debug|Any CPU = Debug|Any CPU
		Release|Any CPU = Release|Any CPU
	EndGlobalSection
	GlobalSection(ProjectConfigurationPlatforms) = postSolution
		{D2A5FA22-7A9B-4236-8516-32985B010FE3}.Debug|Any CPU.ActiveCfg = Debug|Any CPU
		{D2A5FA22-7A9B-4236-8516-32985B010FE3}.Debug|Any CPU.Build.0 = Debug|Any CPU
		{D2A5FA22-7A9B-4236-8516-32985B010FE3}.Release|Any CPU.ActiveCfg = Release|Any CPU
		{D2A5FA22-7A9B-4236-8516-32985B010FE3}.Release|Any CPU.Build.0 = Release|Any CPU
		{59AE4A63-2147-4346-B0B4-0A2845B2AD30}.Debug|Any CPU.ActiveCfg = Debug|Any CPU
		{59AE4A63-2147-4346-B0B4-0A2845B2AD30}.Debug|Any CPU.Build.0 = Debug|Any CPU
		{59AE4A63-2147-4346-B0B4-0A2845B2AD30}.Release|Any CPU.ActiveCfg = Release|Any CPU
		{59AE4A63-2147-4346-B0B4-0A2845B2AD30}.Release|Any CPU.Build.0 = Release|Any CPU
		{86B3FD04-7238-495A-84DA-8D7F2DC18137}.Debug|Any CPU.ActiveCfg = Debug|Any CPU
		{86B3FD04-7238-495A-84DA-8D7F2DC18137}.Debug|Any CPU.Build.0 = Debug|Any CPU
		{86B3FD04-7238-495A-84DA-8D7F2DC18137}.Release|Any CPU.ActiveCfg = Release|Any CPU
		{86B3FD04-7238-495A-84DA-8D7F2DC18137}.Release|Any CPU.Build.0 = Release|Any CPU
	EndGlobalSection
	GlobalSection(SolutionProperties) = preSolution
		HideSolutionNode = FALSE
	EndGlobalSection
	GlobalSection(ExtensibilityGlobals) = postSolution
		SolutionGuid = {26192219-53C9-46A8-B1B2-C71294BA1D3F}
	EndGlobalSection
EndGlobal
